
Microsoft Visual Studio Solution File, Format Version 12.00
# Visual Studio Version 17
VisualStudioVersion = 17.3.32901.215
MinimumVisualStudioVersion = 10.0.40219.1
Project("{FAE04EC0-301F-11D3-BF4B-00C04F79EFBC}") = "Day14_LinkedList", "Day14_LinkedList\Day14_LinkedList.csproj", "{212ECDBB-766C-46EF-B2E6-E487DFABBFA9}"
EndProject
Project("{2150E333-8FDC-42A3-9474-1A3956D46DE8}") = "Solution Items", "Solution Items", "{6EFBFDC6-C498-426A-A6AD-4A0E0739CAAF}"
	ProjectSection(SolutionItems) = preProject
		.editorconfig = .editorconfig
	EndProjectSection
EndProject
Global
	GlobalSection(SolutionConfigurationPlatforms) = preSolution
		Debug|Any CPU = Debug|Any CPU
		Release|Any CPU = Release|Any CPU
	EndGlobalSection
	GlobalSection(ProjectConfigurationPlatforms) = postSolution
		{212ECDBB-766C-46EF-B2E6-E487DFABBFA9}.Debug|Any CPU.ActiveCfg = Debug|Any CPU
		{212ECDBB-766C-46EF-B2E6-E487DFABBFA9}.Debug|Any CPU.Build.0 = Debug|Any CPU
		{212ECDBB-766C-46EF-B2E6-E487DFABBFA9}.Release|Any CPU.ActiveCfg = Release|Any CPU
		{212ECDBB-766C-46EF-B2E6-E487DFABBFA9}.Release|Any CPU.Build.0 = Release|Any CPU
	EndGlobalSection
	GlobalSection(SolutionProperties) = preSolution
		HideSolutionNode = FALSE
	EndGlobalSection
	GlobalSection(ExtensibilityGlobals) = postSolution
		SolutionGuid = {26F4B8EB-940A-42F7-906C-E48896D7ED30}
	EndGlobalSection
EndGlobal
